// !$*UTF8*$!
{
	archiveVersion = 1;
	classes = {
	};
	objectVersion = 56;
	objects = {

/* Begin PBXBuildFile section */
		2C3AD5C82AD3AAB100B04536 /* main.swift in Sources */ = {isa = PBXBuildFile; fileRef = 2C367EA6294DC3590077380E /* main.swift */; };
		2C3AD5CA2AD3AAB100B04536 /* Root in Frameworks */ = {isa = PBXBuildFile; productRef = 2C3AD5C52AD3AAB100B04536 /* Root */; };
		2C3AD5CC2AD3AAB100B04536 /* LaunchScreen.storyboard in Resources */ = {isa = PBXBuildFile; fileRef = 2C367EB1294DC35A0077380E /* LaunchScreen.storyboard */; };
		2C3AD5CD2AD3AAB100B04536 /* Assets.xcassets in Resources */ = {isa = PBXBuildFile; fileRef = 2C367EAF294DC35A0077380E /* Assets.xcassets */; };
		2C3AD5CF2AD3AAB100B04536 /* infoPlist.strings in Resources */ = {isa = PBXBuildFile; fileRef = 2C367ECB294ED2B00077380E /* infoPlist.strings */; };
		2C3AD5E22AD3ADF000B04536 /* ActionRequestHandler.swift in Sources */ = {isa = PBXBuildFile; fileRef = 2C51AA9B296FBD9200FA0963 /* ActionRequestHandler.swift */; };
		2C3AD5E32AD3ADF000B04536 /* OpenInExtension.m in Sources */ = {isa = PBXBuildFile; fileRef = 2C51AA9C296FBD9200FA0963 /* OpenInExtension.m */; };
		2C3AD5F32AD3CDF800B04536 /* OpenIn.appex in Embed Foundation Extensions */ = {isa = PBXBuildFile; fileRef = 2C3AD5EB2AD3ADF000B04536 /* OpenIn.appex */; settings = {ATTRIBUTES = (RemoveHeadersOnCopy, ); }; };
/* End PBXBuildFile section */

/* Begin PBXContainerItemProxy section */
		2C3AD5F42AD3CDF800B04536 /* PBXContainerItemProxy */ = {
			isa = PBXContainerItemProxy;
			containerPortal = 2C367E9B294DC3590077380E /* Project object */;
			proxyType = 1;
			remoteGlobalIDString = 2C3AD5E02AD3ADF000B04536;
			remoteInfo = OpenIn;
		};
/* End PBXContainerItemProxy section */

/* Begin PBXCopyFilesBuildPhase section */
		2C3AD5D02AD3AAB100B04536 /* Embed Frameworks */ = {
			isa = PBXCopyFilesBuildPhase;
			buildActionMask = 2147483647;
			dstPath = "";
			dstSubfolderSpec = 10;
			files = (
			);
			name = "Embed Frameworks";
			runOnlyForDeploymentPostprocessing = 0;
		};
		2C3AD5F62AD3CDF800B04536 /* Embed Foundation Extensions */ = {
			isa = PBXCopyFilesBuildPhase;
			buildActionMask = 2147483647;
			dstPath = "";
			dstSubfolderSpec = 13;
			files = (
				2C3AD5F32AD3CDF800B04536 /* OpenIn.appex in Embed Foundation Extensions */,
			);
			name = "Embed Foundation Extensions";
			runOnlyForDeploymentPostprocessing = 0;
		};
/* End PBXCopyFilesBuildPhase section */

/* Begin PBXFileReference section */
		2C367EA6294DC3590077380E /* main.swift */ = {isa = PBXFileReference; lastKnownFileType = sourcecode.swift; path = main.swift; sourceTree = "<group>"; };
		2C367EAF294DC35A0077380E /* Assets.xcassets */ = {isa = PBXFileReference; lastKnownFileType = folder.assetcatalog; path = Assets.xcassets; sourceTree = "<group>"; };
		2C367EB2294DC35A0077380E /* Base */ = {isa = PBXFileReference; lastKnownFileType = file.storyboard; name = Base; path = Base.lproj/LaunchScreen.storyboard; sourceTree = "<group>"; };
		2C367EB4294DC35A0077380E /* Info.plist */ = {isa = PBXFileReference; lastKnownFileType = text.plist.xml; path = Info.plist; sourceTree = "<group>"; };
		2C367EBB294DC64D0077380E /* Package */ = {isa = PBXFileReference; lastKnownFileType = wrapper; name = Package; path = ../Package; sourceTree = "<group>"; };
		2C367ECA294ED2B00077380E /* en */ = {isa = PBXFileReference; lastKnownFileType = text.plist.strings; name = en; path = en.lproj/infoPlist.strings; sourceTree = "<group>"; };
		2C367ECC294ED2C40077380E /* ja */ = {isa = PBXFileReference; lastKnownFileType = text.plist.strings; name = ja; path = ja.lproj/infoPlist.strings; sourceTree = "<group>"; };
		2C367ECD294EE8D40077380E /* BuildTools */ = {isa = PBXFileReference; lastKnownFileType = wrapper; name = BuildTools; path = ../BuildTools; sourceTree = "<group>"; };
		2C367EDA294EE9350077380E /* Package.swift */ = {isa = PBXFileReference; lastKnownFileType = sourcecode.swift; name = Package.swift; path = ../BuildTools/Package.swift; sourceTree = "<group>"; };
		2C3AD5D82AD3AAB100B04536 /* nefoli.app */ = {isa = PBXFileReference; explicitFileType = wrapper.application; includeInIndex = 0; path = nefoli.app; sourceTree = BUILT_PRODUCTS_DIR; };
		2C3AD5EB2AD3ADF000B04536 /* OpenIn.appex */ = {isa = PBXFileReference; explicitFileType = "wrapper.app-extension"; includeInIndex = 0; path = OpenIn.appex; sourceTree = BUILT_PRODUCTS_DIR; };
		2C51AA2E296D451200FA0963 /* Base.Debug.xcconfig */ = {isa = PBXFileReference; lastKnownFileType = text.xcconfig; path = Base.Debug.xcconfig; sourceTree = "<group>"; };
		2C51AA2F296D451200FA0963 /* Base.Release.xcconfig */ = {isa = PBXFileReference; lastKnownFileType = text.xcconfig; path = Base.Release.xcconfig; sourceTree = "<group>"; };
		2C51AA35296D451200FA0963 /* Base.xcconfig */ = {isa = PBXFileReference; lastKnownFileType = text.xcconfig; path = Base.xcconfig; sourceTree = "<group>"; };
		2C51AA38296D484B00FA0963 /* nefoli-dev.Debug.xcconfig */ = {isa = PBXFileReference; lastKnownFileType = text.xcconfig; path = "nefoli-dev.Debug.xcconfig"; sourceTree = "<group>"; };
		2C51AA52296D497C00FA0963 /* nefoli-prod.Debug.xcconfig */ = {isa = PBXFileReference; lastKnownFileType = text.xcconfig; path = "nefoli-prod.Debug.xcconfig"; sourceTree = "<group>"; };
		2C51AA53296D4AE500FA0963 /* nefoli-dev.xcconfig */ = {isa = PBXFileReference; lastKnownFileType = text.xcconfig; path = "nefoli-dev.xcconfig"; sourceTree = "<group>"; };
		2C51AA54296D4CDB00FA0963 /* nefoli-dev.Release.xcconfig */ = {isa = PBXFileReference; lastKnownFileType = text.xcconfig; path = "nefoli-dev.Release.xcconfig"; sourceTree = "<group>"; };
		2C51AA55296D4CE600FA0963 /* nefoli-prod.Release.xcconfig */ = {isa = PBXFileReference; lastKnownFileType = text.xcconfig; path = "nefoli-prod.Release.xcconfig"; sourceTree = "<group>"; };
		2C51AA56296D4CF100FA0963 /* nefoli-prod.xcconfig */ = {isa = PBXFileReference; lastKnownFileType = text.xcconfig; path = "nefoli-prod.xcconfig"; sourceTree = "<group>"; };
		2C51AA77296FB34100FA0963 /* Info.plist */ = {isa = PBXFileReference; lastKnownFileType = text.plist.xml; path = Info.plist; sourceTree = "<group>"; };
		2C51AA83296FB41000FA0963 /* nefoli.xcconfig */ = {isa = PBXFileReference; lastKnownFileType = text.xcconfig; path = nefoli.xcconfig; sourceTree = "<group>"; };
		2C51AA85296FB52000FA0963 /* OpenIn.xcconfig */ = {isa = PBXFileReference; lastKnownFileType = text.xcconfig; path = OpenIn.xcconfig; sourceTree = "<group>"; };
		2C51AA86296FB61E00FA0963 /* OpenIn-dev.xcconfig */ = {isa = PBXFileReference; lastKnownFileType = text.xcconfig; path = "OpenIn-dev.xcconfig"; sourceTree = "<group>"; };
		2C51AA87296FB65B00FA0963 /* OpenIn-dev.Debug.xcconfig */ = {isa = PBXFileReference; lastKnownFileType = text.xcconfig; path = "OpenIn-dev.Debug.xcconfig"; sourceTree = "<group>"; };
		2C51AA8E296FB86500FA0963 /* OpenIn-prod.Debug.xcconfig */ = {isa = PBXFileReference; lastKnownFileType = text.xcconfig; path = "OpenIn-prod.Debug.xcconfig"; sourceTree = "<group>"; };
		2C51AA8F296FB8B400FA0963 /* OpenIn-dev.Release.xcconfig */ = {isa = PBXFileReference; lastKnownFileType = text.xcconfig; path = "OpenIn-dev.Release.xcconfig"; sourceTree = "<group>"; };
		2C51AA90296FB8C600FA0963 /* OpenIn-prod.Release.xcconfig */ = {isa = PBXFileReference; lastKnownFileType = text.xcconfig; path = "OpenIn-prod.Release.xcconfig"; sourceTree = "<group>"; };
		2C51AA94296FBA9800FA0963 /* OpenIn-prod.xcconfig */ = {isa = PBXFileReference; lastKnownFileType = text.xcconfig; path = "OpenIn-prod.xcconfig"; sourceTree = "<group>"; };
		2C51AA99296FBD9100FA0963 /* OpenIn-Bridging-Header.h */ = {isa = PBXFileReference; lastKnownFileType = sourcecode.c.h; path = "OpenIn-Bridging-Header.h"; sourceTree = "<group>"; };
		2C51AA9A296FBD9200FA0963 /* OpenInExtension.h */ = {isa = PBXFileReference; fileEncoding = 4; lastKnownFileType = sourcecode.c.h; path = OpenInExtension.h; sourceTree = "<group>"; };
		2C51AA9B296FBD9200FA0963 /* ActionRequestHandler.swift */ = {isa = PBXFileReference; fileEncoding = 4; lastKnownFileType = sourcecode.swift; path = ActionRequestHandler.swift; sourceTree = "<group>"; };
		2C51AA9C296FBD9200FA0963 /* OpenInExtension.m */ = {isa = PBXFileReference; fileEncoding = 4; lastKnownFileType = sourcecode.c.objc; path = OpenInExtension.m; sourceTree = "<group>"; };
		2C51AA9F296FC04600FA0963 /* dev.xcconfig */ = {isa = PBXFileReference; lastKnownFileType = text.xcconfig; path = dev.xcconfig; sourceTree = "<group>"; };
		2C51AAA0296FC09D00FA0963 /* prod.xcconfig */ = {isa = PBXFileReference; fileEncoding = 4; lastKnownFileType = text.xcconfig; path = prod.xcconfig; sourceTree = "<group>"; };
		2CA7AB092AD136760017E6D3 /* GoogleService-Info.plist */ = {isa = PBXFileReference; fileEncoding = 4; lastKnownFileType = text.plist.xml; path = "GoogleService-Info.plist"; sourceTree = "<group>"; };
		2CA7AB102AD161960017E6D3 /* GoogleService-Info.plist */ = {isa = PBXFileReference; fileEncoding = 4; lastKnownFileType = text.plist.xml; path = "GoogleService-Info.plist"; sourceTree = "<group>"; };
/* End PBXFileReference section */

/* Begin PBXFrameworksBuildPhase section */
		2C3AD5C92AD3AAB100B04536 /* Frameworks */ = {
			isa = PBXFrameworksBuildPhase;
			buildActionMask = 2147483647;
			files = (
				2C3AD5CA2AD3AAB100B04536 /* Root in Frameworks */,
			);
			runOnlyForDeploymentPostprocessing = 0;
		};
		2C3AD5E42AD3ADF000B04536 /* Frameworks */ = {
			isa = PBXFrameworksBuildPhase;
			buildActionMask = 2147483647;
			files = (
			);
			runOnlyForDeploymentPostprocessing = 0;
		};
/* End PBXFrameworksBuildPhase section */

/* Begin PBXGroup section */
		2C367E9A294DC3590077380E = {
			isa = PBXGroup;
			children = (
				2C51AA2C296D451200FA0963 /* Configurations */,
				2C367EC3294DCA7E0077380E /* Sources */,
				2C367EA4294DC3590077380E /* Products */,
				2C367EBA294DC64D0077380E /* Frameworks */,
			);
			sourceTree = "<group>";
		};
		2C367EA4294DC3590077380E /* Products */ = {
			isa = PBXGroup;
			children = (
				2C3AD5D82AD3AAB100B04536 /* nefoli.app */,
				2C3AD5EB2AD3ADF000B04536 /* OpenIn.appex */,
			);
			name = Products;
			sourceTree = "<group>";
		};
		2C367EA5294DC3590077380E /* nefoli */ = {
			isa = PBXGroup;
			children = (
				2CA7AB0D2AD161030017E6D3 /* Resources */,
				2C367EA6294DC3590077380E /* main.swift */,
			);
			path = nefoli;
			sourceTree = "<group>";
		};
		2C367EBA294DC64D0077380E /* Frameworks */ = {
			isa = PBXGroup;
			children = (
				2C367EDA294EE9350077380E /* Package.swift */,
				2C367ECD294EE8D40077380E /* BuildTools */,
				2C367EBB294DC64D0077380E /* Package */,
			);
			name = Frameworks;
			sourceTree = "<group>";
		};
		2C367EC3294DCA7E0077380E /* Sources */ = {
			isa = PBXGroup;
			children = (
				2C367EA5294DC3590077380E /* nefoli */,
				2C51AA71296FB34100FA0963 /* OpenIn */,
			);
			path = Sources;
			sourceTree = "<group>";
		};
		2C3AD5EF2AD3CC5F00B04536 /* Resources */ = {
			isa = PBXGroup;
			children = (
				2C51AA77296FB34100FA0963 /* Info.plist */,
			);
			path = Resources;
			sourceTree = "<group>";
		};
		2C51AA2C296D451200FA0963 /* Configurations */ = {
			isa = PBXGroup;
			children = (
				2C51AA84296FB43200FA0963 /* includes */,
				2C51AA38296D484B00FA0963 /* nefoli-dev.Debug.xcconfig */,
				2C51AA54296D4CDB00FA0963 /* nefoli-dev.Release.xcconfig */,
				2C51AA52296D497C00FA0963 /* nefoli-prod.Debug.xcconfig */,
				2C51AA55296D4CE600FA0963 /* nefoli-prod.Release.xcconfig */,
				2C51AA87296FB65B00FA0963 /* OpenIn-dev.Debug.xcconfig */,
				2C51AA8F296FB8B400FA0963 /* OpenIn-dev.Release.xcconfig */,
				2C51AA8E296FB86500FA0963 /* OpenIn-prod.Debug.xcconfig */,
				2C51AA90296FB8C600FA0963 /* OpenIn-prod.Release.xcconfig */,
			);
			path = Configurations;
			sourceTree = "<group>";
		};
		2C51AA71296FB34100FA0963 /* OpenIn */ = {
			isa = PBXGroup;
			children = (
				2C3AD5EF2AD3CC5F00B04536 /* Resources */,
				2C51AA9B296FBD9200FA0963 /* ActionRequestHandler.swift */,
				2C51AA9A296FBD9200FA0963 /* OpenInExtension.h */,
				2C51AA9C296FBD9200FA0963 /* OpenInExtension.m */,
				2C51AA99296FBD9100FA0963 /* OpenIn-Bridging-Header.h */,
			);
			path = OpenIn;
			sourceTree = "<group>";
		};
		2C51AA84296FB43200FA0963 /* includes */ = {
			isa = PBXGroup;
			children = (
				2C51AA2E296D451200FA0963 /* Base.Debug.xcconfig */,
				2C51AA2F296D451200FA0963 /* Base.Release.xcconfig */,
				2C51AA35296D451200FA0963 /* Base.xcconfig */,
				2C51AA53296D4AE500FA0963 /* nefoli-dev.xcconfig */,
				2C51AA56296D4CF100FA0963 /* nefoli-prod.xcconfig */,
				2C51AA83296FB41000FA0963 /* nefoli.xcconfig */,
				2C51AA86296FB61E00FA0963 /* OpenIn-dev.xcconfig */,
				2C51AA94296FBA9800FA0963 /* OpenIn-prod.xcconfig */,
				2C51AA85296FB52000FA0963 /* OpenIn.xcconfig */,
				2C51AA9F296FC04600FA0963 /* dev.xcconfig */,
				2C51AAA0296FC09D00FA0963 /* prod.xcconfig */,
			);
			path = includes;
			sourceTree = "<group>";
		};
		2CA7AB0D2AD161030017E6D3 /* Resources */ = {
			isa = PBXGroup;
			children = (
				2C367EAF294DC35A0077380E /* Assets.xcassets */,
				2C367EB1294DC35A0077380E /* LaunchScreen.storyboard */,
				2C367EB4294DC35A0077380E /* Info.plist */,
				2C367ECB294ED2B00077380E /* infoPlist.strings */,
				2CA7AB0E2AD161080017E6D3 /* dev */,
				2CA7AB0F2AD1610A0017E6D3 /* prod */,
			);
			path = Resources;
			sourceTree = "<group>";
		};
		2CA7AB0E2AD161080017E6D3 /* dev */ = {
			isa = PBXGroup;
			children = (
				2CA7AB092AD136760017E6D3 /* GoogleService-Info.plist */,
			);
			path = dev;
			sourceTree = "<group>";
		};
		2CA7AB0F2AD1610A0017E6D3 /* prod */ = {
			isa = PBXGroup;
			children = (
				2CA7AB102AD161960017E6D3 /* GoogleService-Info.plist */,
			);
			path = prod;
			sourceTree = "<group>";
		};
/* End PBXGroup section */

/* Begin PBXNativeTarget section */
		2C3AD5C22AD3AAB100B04536 /* nefoli */ = {
			isa = PBXNativeTarget;
			buildConfigurationList = 2C3AD5D42AD3AAB100B04536 /* Build configuration list for PBXNativeTarget "nefoli" */;
			buildPhases = (
				2C3AD5C62AD3AAB100B04536 /* SwiftFormat --lint */,
				2C3AD5C72AD3AAB100B04536 /* Sources */,
				2C3AD5C92AD3AAB100B04536 /* Frameworks */,
				2C3AD5CB2AD3AAB100B04536 /* Resources */,
				2C3AD5EE2AD3B04B00B04536 /* Copy Bundle Resources (Conditional) */,
				2C3AD5D02AD3AAB100B04536 /* Embed Frameworks */,
				2C3AD5F62AD3CDF800B04536 /* Embed Foundation Extensions */,
				2C3AD5D32AD3AAB100B04536 /* [Crashlytics] Upload dSYM */,
			);
			buildRules = (
			);
			dependencies = (
				2C3AD5F52AD3CDF800B04536 /* PBXTargetDependency */,
			);
			name = nefoli;
			packageProductDependencies = (
				2C3AD5C52AD3AAB100B04536 /* Root */,
			);
			productName = "nefoli-iOS";
			productReference = 2C3AD5D82AD3AAB100B04536 /* nefoli.app */;
			productType = "com.apple.product-type.application";
		};
		2C3AD5E02AD3ADF000B04536 /* OpenIn */ = {
			isa = PBXNativeTarget;
			buildConfigurationList = 2C3AD5E62AD3ADF000B04536 /* Build configuration list for PBXNativeTarget "OpenIn" */;
			buildPhases = (
				2C3AD5E12AD3ADF000B04536 /* Sources */,
				2C3AD5E42AD3ADF000B04536 /* Frameworks */,
				2C3AD5E52AD3ADF000B04536 /* Resources */,
			);
			buildRules = (
			);
			dependencies = (
			);
			name = OpenIn;
			productName = OpenIn;
			productReference = 2C3AD5EB2AD3ADF000B04536 /* OpenIn.appex */;
			productType = "com.apple.product-type.app-extension";
		};
/* End PBXNativeTarget section */

/* Begin PBXProject section */
		2C367E9B294DC3590077380E /* Project object */ = {
			isa = PBXProject;
			attributes = {
				BuildIndependentTargetsInParallel = 1;
				LastSwiftUpdateCheck = 1420;
				LastUpgradeCheck = 1400;
			};
			buildConfigurationList = 2C367E9E294DC3590077380E /* Build configuration list for PBXProject "App" */;
			compatibilityVersion = "Xcode 14.0";
			developmentRegion = en;
			hasScannedForEncodings = 0;
			knownRegions = (
				en,
				Base,
				ja,
			);
			mainGroup = 2C367E9A294DC3590077380E;
			productRefGroup = 2C367EA4294DC3590077380E /* Products */;
			projectDirPath = "";
			projectRoot = "";
			targets = (
				2C3AD5C22AD3AAB100B04536 /* nefoli */,
				2C3AD5E02AD3ADF000B04536 /* OpenIn */,
			);
		};
/* End PBXProject section */

/* Begin PBXResourcesBuildPhase section */
		2C3AD5CB2AD3AAB100B04536 /* Resources */ = {
			isa = PBXResourcesBuildPhase;
			buildActionMask = 2147483647;
			files = (
				2C3AD5CC2AD3AAB100B04536 /* LaunchScreen.storyboard in Resources */,
				2C3AD5CD2AD3AAB100B04536 /* Assets.xcassets in Resources */,
				2C3AD5CF2AD3AAB100B04536 /* infoPlist.strings in Resources */,
			);
			runOnlyForDeploymentPostprocessing = 0;
		};
		2C3AD5E52AD3ADF000B04536 /* Resources */ = {
			isa = PBXResourcesBuildPhase;
			buildActionMask = 2147483647;
			files = (
			);
			runOnlyForDeploymentPostprocessing = 0;
		};
/* End PBXResourcesBuildPhase section */

/* Begin PBXShellScriptBuildPhase section */
		2C3AD5C62AD3AAB100B04536 /* SwiftFormat --lint */ = {
			isa = PBXShellScriptBuildPhase;
			alwaysOutOfDate = 1;
			buildActionMask = 2147483647;
			files = (
			);
			inputFileListPaths = (
			);
			inputPaths = (
			);
			name = "SwiftFormat --lint";
			outputFileListPaths = (
			);
			outputPaths = (
			);
			runOnlyForDeploymentPostprocessing = 0;
			shellPath = /bin/sh;
			shellScript = "# @see https://github.com/nicklockwood/SwiftFormat/blob/0.50.6/README.md#xcode-build-phase\ncd ../BuildTools\n\nSDKROOT=(xcrun --sdk macosx --show-sdk-path)\n# Lint while project\nswift run swiftformat --lint --lenient \"$SRCROOT/..\"\n";
		};
		2C3AD5D32AD3AAB100B04536 /* [Crashlytics] Upload dSYM */ = {
			isa = PBXShellScriptBuildPhase;
			alwaysOutOfDate = 1;
			buildActionMask = 12;
			files = (
			);
			inputFileListPaths = (
			);
			inputPaths = (
				"${DWARF_DSYM_FOLDER_PATH}/${DWARF_DSYM_FILE_NAME}/Contents/Resources/DWARF/${TARGET_NAME}",
				"$(BUILT_PRODUCTS_DIR)/$(INFOPLIST_PATH)",
				"${DWARF_DSYM_FOLDER_PATH}/${DWARF_DSYM_FILE_NAME}",
				"${DWARF_DSYM_FOLDER_PATH}/${DWARF_DSYM_FILE_NAME}/Contents/Info.plist",
				"$(TARGET_BUILD_DIR)/$(UNLOCALIZED_RESOURCES_FOLDER_PATH)/GoogleService-Info.plist",
				"$(TARGET_BUILD_DIR)/$(EXECUTABLE_PATH)",
			);
			name = "[Crashlytics] Upload dSYM";
			outputFileListPaths = (
			);
			outputPaths = (
			);
			runOnlyForDeploymentPostprocessing = 0;
			shellPath = /bin/sh;
			shellScript = "# @see https://firebase.google.com/docs/crashlytics/get-started?platform=ios&authuser=2&hl=ja\n# @see https://firebase.google.com/docs/crashlytics/get-deobfuscated-reports?hl=ja&authuser=2&platform=ios\n\"${BUILD_DIR%/Build/*}/SourcePackages/checkouts/firebase-ios-sdk/Crashlytics/run\"\n";
		};
		2C3AD5EE2AD3B04B00B04536 /* Copy Bundle Resources (Conditional) */ = {
			isa = PBXShellScriptBuildPhase;
			buildActionMask = 2147483647;
			files = (
			);
			inputFileListPaths = (
			);
			inputPaths = (
				"$(SRCROOT)/Sources/nefoli/Resources",
			);
			name = "Copy Bundle Resources (Conditional)";
			outputFileListPaths = (
			);
			outputPaths = (
				"$(BUILT_PRODUCTS_DIR)/$(EXECUTABLE_FOLDER_PATH)/GoogleService-Info.plist",
			);
			runOnlyForDeploymentPostprocessing = 0;
			shellPath = /bin/sh;
			shellScript = "set -eu\n     \ncase \"$CONFIGURATION\" in\ndev.*)\n    subdir=dev\n    ;;\nprod.*)\n    subdir=prod\n    ;;\n*)\n    echo \"[ERROR] Unnown configuration: $CONFIGURATION\" >&2\n    exit 1\n    ;;\nesac\n\ncp -v \"$SRCROOT/Sources/nefoli/Resources/$subdir/GoogleService-Info.plist\" \\\n    \"$BUILT_PRODUCTS_DIR/$EXECUTABLE_FOLDER_PATH/GoogleService-Info.plist\"\n";
		};
/* End PBXShellScriptBuildPhase section */

/* Begin PBXSourcesBuildPhase section */
		2C3AD5C72AD3AAB100B04536 /* Sources */ = {
			isa = PBXSourcesBuildPhase;
			buildActionMask = 2147483647;
			files = (
				2C3AD5C82AD3AAB100B04536 /* main.swift in Sources */,
			);
			runOnlyForDeploymentPostprocessing = 0;
		};
		2C3AD5E12AD3ADF000B04536 /* Sources */ = {
			isa = PBXSourcesBuildPhase;
			buildActionMask = 2147483647;
			files = (
				2C3AD5E22AD3ADF000B04536 /* ActionRequestHandler.swift in Sources */,
				2C3AD5E32AD3ADF000B04536 /* OpenInExtension.m in Sources */,
			);
			runOnlyForDeploymentPostprocessing = 0;
		};
/* End PBXSourcesBuildPhase section */

/* Begin PBXTargetDependency section */
		2C3AD5F52AD3CDF800B04536 /* PBXTargetDependency */ = {
			isa = PBXTargetDependency;
			target = 2C3AD5E02AD3ADF000B04536 /* OpenIn */;
			targetProxy = 2C3AD5F42AD3CDF800B04536 /* PBXContainerItemProxy */;
		};
/* End PBXTargetDependency section */

/* Begin PBXVariantGroup section */
		2C367EB1294DC35A0077380E /* LaunchScreen.storyboard */ = {
			isa = PBXVariantGroup;
			children = (
				2C367EB2294DC35A0077380E /* Base */,
			);
			name = LaunchScreen.storyboard;
			sourceTree = "<group>";
		};
		2C367ECB294ED2B00077380E /* infoPlist.strings */ = {
			isa = PBXVariantGroup;
			children = (
				2C367ECA294ED2B00077380E /* en */,
				2C367ECC294ED2C40077380E /* ja */,
			);
			name = infoPlist.strings;
			sourceTree = "<group>";
		};
/* End PBXVariantGroup section */

/* Begin XCBuildConfiguration section */
		2C367EB5294DC35A0077380E /* prod.Debug */ = {
			isa = XCBuildConfiguration;
			baseConfigurationReference = 2C51AA2E296D451200FA0963 /* Base.Debug.xcconfig */;
			buildSettings = {
				ASSETCATALOG_COMPILER_APPICON_NAME = "";
			};
			name = prod.Debug;
		};
		2C367EB6294DC35A0077380E /* prod.Release */ = {
			isa = XCBuildConfiguration;
			baseConfigurationReference = 2C51AA2F296D451200FA0963 /* Base.Release.xcconfig */;
			buildSettings = {
				ASSETCATALOG_COMPILER_APPICON_NAME = "";
			};
			name = prod.Release;
		};
		2C3AD5BD2AD3AA5D00B04536 /* dev.Debug */ = {
			isa = XCBuildConfiguration;
			baseConfigurationReference = 2C51AA2E296D451200FA0963 /* Base.Debug.xcconfig */;
			buildSettings = {
				ASSETCATALOG_COMPILER_APPICON_NAME = "";
			};
			name = dev.Debug;
		};
		2C3AD5D52AD3AAB100B04536 /* prod.Debug */ = {
			isa = XCBuildConfiguration;
			baseConfigurationReference = 2C51AA52296D497C00FA0963 /* nefoli-prod.Debug.xcconfig */;
			buildSettings = {
				CURRENT_PROJECT_VERSION = 1;
				INFOPLIST_KEY_CFBundleDisplayName = nefoli;
				INFOPLIST_KEY_UIApplicationSupportsIndirectInputEvents = YES;
				INFOPLIST_KEY_UILaunchStoryboardName = LaunchScreen;
				INFOPLIST_KEY_UISupportedInterfaceOrientations = "UIInterfaceOrientationLandscapeRight UIInterfaceOrientationPortrait";
				INFOPLIST_KEY_UISupportedInterfaceOrientations_iPad = "UIInterfaceOrientationLandscapeLeft UIInterfaceOrientationLandscapeRight UIInterfaceOrientationPortrait UIInterfaceOrientationPortraitUpsideDown";
				INFOPLIST_KEY_UISupportedInterfaceOrientations_iPhone = "UIInterfaceOrientationPortrait UIInterfaceOrientationLandscapeLeft UIInterfaceOrientationLandscapeRight";
				MARKETING_VERSION = 1.0;
				PRODUCT_NAME = "$(TARGET_NAME)";
			};
			name = prod.Debug;
		};
		2C3AD5D62AD3AAB100B04536 /* dev.Debug */ = {
			isa = XCBuildConfiguration;
			baseConfigurationReference = 2C51AA38296D484B00FA0963 /* nefoli-dev.Debug.xcconfig */;
			buildSettings = {
				CURRENT_PROJECT_VERSION = 1;
				INFOPLIST_KEY_CFBundleDisplayName = nefoli;
				INFOPLIST_KEY_UIApplicationSupportsIndirectInputEvents = YES;
				INFOPLIST_KEY_UILaunchStoryboardName = LaunchScreen;
				INFOPLIST_KEY_UISupportedInterfaceOrientations = "UIInterfaceOrientationLandscapeRight UIInterfaceOrientationPortrait";
				INFOPLIST_KEY_UISupportedInterfaceOrientations_iPad = "UIInterfaceOrientationLandscapeLeft UIInterfaceOrientationLandscapeRight UIInterfaceOrientationPortrait UIInterfaceOrientationPortraitUpsideDown";
				INFOPLIST_KEY_UISupportedInterfaceOrientations_iPhone = "UIInterfaceOrientationPortrait UIInterfaceOrientationLandscapeLeft UIInterfaceOrientationLandscapeRight";
				MARKETING_VERSION = 1.0;
				PRODUCT_NAME = "$(TARGET_NAME)";
			};
			name = dev.Debug;
		};
		2C3AD5D72AD3AAB100B04536 /* prod.Release */ = {
			isa = XCBuildConfiguration;
			baseConfigurationReference = 2C51AA55296D4CE600FA0963 /* nefoli-prod.Release.xcconfig */;
			buildSettings = {
				CURRENT_PROJECT_VERSION = 1;
				INFOPLIST_KEY_CFBundleDisplayName = nefoli;
				INFOPLIST_KEY_UIApplicationSupportsIndirectInputEvents = YES;
				INFOPLIST_KEY_UILaunchStoryboardName = LaunchScreen;
				INFOPLIST_KEY_UISupportedInterfaceOrientations = "UIInterfaceOrientationLandscapeRight UIInterfaceOrientationPortrait";
				INFOPLIST_KEY_UISupportedInterfaceOrientations_iPad = "UIInterfaceOrientationLandscapeLeft UIInterfaceOrientationLandscapeRight UIInterfaceOrientationPortrait UIInterfaceOrientationPortraitUpsideDown";
				INFOPLIST_KEY_UISupportedInterfaceOrientations_iPhone = "UIInterfaceOrientationPortrait UIInterfaceOrientationLandscapeLeft UIInterfaceOrientationLandscapeRight";
				MARKETING_VERSION = 1.0;
				PRODUCT_NAME = "$(TARGET_NAME)";
			};
			name = prod.Release;
		};
		2C3AD5DA2AD3AAF700B04536 /* dev.Release */ = {
			isa = XCBuildConfiguration;
			baseConfigurationReference = 2C51AA2F296D451200FA0963 /* Base.Release.xcconfig */;
			buildSettings = {
				ASSETCATALOG_COMPILER_APPICON_NAME = "";
			};
			name = dev.Release;
		};
		2C3AD5DF2AD3AAF700B04536 /* dev.Release */ = {
			isa = XCBuildConfiguration;
			baseConfigurationReference = 2C51AA54296D4CDB00FA0963 /* nefoli-dev.Release.xcconfig */;
			buildSettings = {
				CURRENT_PROJECT_VERSION = 1;
				INFOPLIST_KEY_CFBundleDisplayName = nefoli;
				INFOPLIST_KEY_UIApplicationSupportsIndirectInputEvents = YES;
				INFOPLIST_KEY_UILaunchStoryboardName = LaunchScreen;
				INFOPLIST_KEY_UISupportedInterfaceOrientations = "UIInterfaceOrientationLandscapeRight UIInterfaceOrientationPortrait";
				INFOPLIST_KEY_UISupportedInterfaceOrientations_iPad = "UIInterfaceOrientationLandscapeLeft UIInterfaceOrientationLandscapeRight UIInterfaceOrientationPortrait UIInterfaceOrientationPortraitUpsideDown";
				INFOPLIST_KEY_UISupportedInterfaceOrientations_iPhone = "UIInterfaceOrientationPortrait UIInterfaceOrientationLandscapeLeft UIInterfaceOrientationLandscapeRight";
				MARKETING_VERSION = 1.0;
				PRODUCT_NAME = "$(TARGET_NAME)";
			};
			name = dev.Release;
		};
		2C3AD5E72AD3ADF000B04536 /* prod.Debug */ = {
			isa = XCBuildConfiguration;
			baseConfigurationReference = 2C51AA8E296FB86500FA0963 /* OpenIn-prod.Debug.xcconfig */;
			buildSettings = {
				CURRENT_PROJECT_VERSION = 1;
				MARKETING_VERSION = 1.0;
				PRODUCT_NAME = "$(TARGET_NAME)";
			};
			name = prod.Debug;
		};
		2C3AD5E82AD3ADF000B04536 /* dev.Debug */ = {
			isa = XCBuildConfiguration;
			baseConfigurationReference = 2C51AA87296FB65B00FA0963 /* OpenIn-dev.Debug.xcconfig */;
			buildSettings = {
				CURRENT_PROJECT_VERSION = 1;
				MARKETING_VERSION = 1.0;
				PRODUCT_NAME = "$(TARGET_NAME)";
			};
			name = dev.Debug;
		};
		2C3AD5E92AD3ADF000B04536 /* prod.Release */ = {
			isa = XCBuildConfiguration;
			baseConfigurationReference = 2C51AA90296FB8C600FA0963 /* OpenIn-prod.Release.xcconfig */;
			buildSettings = {
				CURRENT_PROJECT_VERSION = 1;
				MARKETING_VERSION = 1.0;
				PRODUCT_NAME = "$(TARGET_NAME)";
			};
			name = prod.Release;
		};
		2C3AD5EA2AD3ADF000B04536 /* dev.Release */ = {
			isa = XCBuildConfiguration;
			baseConfigurationReference = 2C51AA8F296FB8B400FA0963 /* OpenIn-dev.Release.xcconfig */;
			buildSettings = {
				CURRENT_PROJECT_VERSION = 1;
				MARKETING_VERSION = 1.0;
				PRODUCT_NAME = "$(TARGET_NAME)";
			};
			name = dev.Release;
		};
/* End XCBuildConfiguration section */

/* Begin XCConfigurationList section */
		2C367E9E294DC3590077380E /* Build configuration list for PBXProject "App" */ = {
			isa = XCConfigurationList;
			buildConfigurations = (
				2C367EB5294DC35A0077380E /* prod.Debug */,
				2C3AD5BD2AD3AA5D00B04536 /* dev.Debug */,
				2C367EB6294DC35A0077380E /* prod.Release */,
				2C3AD5DA2AD3AAF700B04536 /* dev.Release */,
			);
			defaultConfigurationIsVisible = 0;
			defaultConfigurationName = prod.Release;
		};
		2C3AD5D42AD3AAB100B04536 /* Build configuration list for PBXNativeTarget "nefoli" */ = {
			isa = XCConfigurationList;
			buildConfigurations = (
				2C3AD5D52AD3AAB100B04536 /* prod.Debug */,
				2C3AD5D62AD3AAB100B04536 /* dev.Debug */,
				2C3AD5D72AD3AAB100B04536 /* prod.Release */,
				2C3AD5DF2AD3AAF700B04536 /* dev.Release */,
			);
			defaultConfigurationIsVisible = 0;
			defaultConfigurationName = prod.Release;
		};
		2C3AD5E62AD3ADF000B04536 /* Build configuration list for PBXNativeTarget "OpenIn" */ = {
			isa = XCConfigurationList;
			buildConfigurations = (
				2C3AD5E72AD3ADF000B04536 /* prod.Debug */,
				2C3AD5E82AD3ADF000B04536 /* dev.Debug */,
				2C3AD5E92AD3ADF000B04536 /* prod.Release */,
				2C3AD5EA2AD3ADF000B04536 /* dev.Release */,
			);
			defaultConfigurationIsVisible = 0;
			defaultConfigurationName = prod.Release;
		};
/* End XCConfigurationList section */

/* Begin XCSwiftPackageProductDependency section */
		2C3AD5C52AD3AAB100B04536 /* Root */ = {
			isa = XCSwiftPackageProductDependency;
			productName = Root;
		};
/* End XCSwiftPackageProductDependency section */
	};
	rootObject = 2C367E9B294DC3590077380E /* Project object */;
}
